src/frontend/app/hookgen/event/event.ts
src/frontend/app/hookgen/competition/competition.ts
src/frontend/app/hookgen/model/divisionItem.ts
src/frontend/app/hookgen/model/singleTarget.ts
src/frontend/app/hookgen/model/competitionId.ts
src/frontend/app/hookgen/model/date.ts
src/frontend/app/hookgen/model/dancer.ts
src/frontend/app/hookgen/model/coupleTarget.ts
src/frontend/app/hookgen/model/kind.ts
src/frontend/app/hookgen/model/target.ts
src/frontend/app/hookgen/model/error.ts
src/frontend/app/hookgen/model/roleItem.ts
src/frontend/app/hookgen/model/kindItem.ts
src/frontend/app/hookgen/model/coupleTargetTargetType.ts
src/frontend/app/hookgen/model/categoryItem.ts
src/frontend/app/hookgen/model/divisionsItem.ts
src/frontend/app/hookgen/model/divisions.ts
src/frontend/app/hookgen/model/division.ts
src/frontend/app/hookgen/model/index.ts
src/frontend/app/hookgen/model/event.ts
src/frontend/app/hookgen/model/singleTargetTargetType.ts
src/frontend/app/hookgen/model/dancerId.ts
src/frontend/app/hookgen/model/competition.ts
src/frontend/app/hookgen/model/eventIdList.ts
src/frontend/app/hookgen/model/category.ts
src/frontend/app/hookgen/model/dancerIdList.ts
src/frontend/app/hookgen/model/eventId.ts
src/frontend/app/hookgen/model/role.ts
src/frontend/app/hookgen/model/bibList.ts
src/frontend/app/hookgen/model/competitionIdList.ts
src/frontend/app/hookgen/model/bib.ts
src/frontend/app/hookgen/dancer/dancer.ts
src/frontend/app/routes.ts
src/frontend/app/public/index.html
src/frontend/app/public/robots.txt
src/frontend/app/public/logo.png
src/frontend/app/assets/logo.png
src/frontend/app/app.css
src/frontend/app/styles/ContentStyle.css
src/frontend/app/root.tsx
src/frontend/app/routes/event/EventDetails.tsx
src/frontend/app/routes/event/EventHome.tsx
src/frontend/app/routes/event/NewEventForm.tsx
src/frontend/app/routes/event/eventlist.tsx
src/frontend/app/routes/home.tsx
src/frontend/app/routes/competition/NewBibForm.tsx
src/frontend/app/routes/competition/NewCompetitionForm.tsx
src/frontend/app/routes/competition/CompetitionDetails.tsx
src/frontend/app/routes/competition/NewCompetitionFormPage.tsx
src/frontend/app/routes/competition/CompetitionList.tsx
src/frontend/app/routes/competition/SingleTargetForm.tsx
src/frontend/app/routes/competition/CoupleTargetForm.tsx
src/frontend/app/routes/competition/CompetitionHome.tsx
src/frontend/app/routes/competition/BibList.tsx
src/frontend/app/routes/index/PageTitle.tsx
src/frontend/app/routes/index/index.tsx
src/frontend/app/routes/index/homepage.tsx
src/frontend/app/routes/index/reportWebVitals.js
src/frontend/app/routes/index/index.css
src/frontend/app/routes/index/field.tsx
src/frontend/app/routes/index/about.tsx
src/frontend/app/routes/footer/footer.tsx
src/frontend/app/routes/footer/Footer.css
src/frontend/app/routes/dancer/DancerPage.tsx
src/frontend/app/routes/dancer/DancerList.tsx
src/frontend/app/routes/dancer/NewDancerForm.tsx
src/frontend/app/routes/header/Header.css
src/frontend/app/routes/header/header.tsx
