src/frontend/src/hooks/useEventApi.js
src/frontend/src/components/Footer.js
src/frontend/src/components/NewEventForm.js
src/frontend/src/components/PageTitle.js
src/frontend/src/components/NewEventForm.tsx
src/frontend/src/components/HomePage.js
src/frontend/src/components/Header.js
src/frontend/src/components/EventList.tsx
src/frontend/src/components/About.js
src/frontend/src/components/EventPage.tsx
src/frontend/src/index.tsx
src/frontend/src/hookgen/event/event.ts
src/frontend/src/hookgen/phase/phase.ts
src/frontend/src/hookgen/competition/competition.ts
src/frontend/src/hookgen/model/round.ts
src/frontend/src/hookgen/model/divisionItem.ts
src/frontend/src/hookgen/model/rankingYanWeighted.ts
src/frontend/src/hookgen/model/heatIdList.ts
src/frontend/src/hookgen/model/phaseId.ts
src/frontend/src/hookgen/model/competitionId.ts
src/frontend/src/hookgen/model/heatId.ts
src/frontend/src/hookgen/model/date.ts
src/frontend/src/hookgen/model/ok.ts
src/frontend/src/hookgen/model/kind.ts
src/frontend/src/hookgen/model/rankingAlgorithmAlgorithmData.ts
src/frontend/src/hookgen/model/error.ts
src/frontend/src/hookgen/model/artefactDescriptionArtefactData.ts
src/frontend/src/hookgen/model/yanCriterionWeights.ts
src/frontend/src/hookgen/model/kindItem.ts
src/frontend/src/hookgen/model/artefactDescription.ts
src/frontend/src/hookgen/model/categoryItem.ts
src/frontend/src/hookgen/model/division.ts
src/frontend/src/hookgen/model/index.ts
src/frontend/src/hookgen/model/event.ts
src/frontend/src/hookgen/model/dancerId.ts
src/frontend/src/hookgen/model/competition.ts
src/frontend/src/hookgen/model/eventIdList.ts
src/frontend/src/hookgen/model/rankingAlgorithm.ts
src/frontend/src/hookgen/model/category.ts
src/frontend/src/hookgen/model/phaseIdList.ts
src/frontend/src/hookgen/model/dancerIdList.ts
src/frontend/src/hookgen/model/eventId.ts
src/frontend/src/hookgen/model/phase.ts
src/frontend/src/hookgen/model/competitionIdList.ts
src/frontend/src/reportWebVitals.js
src/frontend/src/index.css
src/frontend/src/App.test.js
src/frontend/src/images.d.ts
src/frontend/src/assets/logo.png
src/frontend/src/styles/Footer.css
src/frontend/src/styles/Header.css
src/frontend/src/styles/ContentStyle.css
src/frontend/src/setupTests.js
src/frontend/src/App.js
