src/frontend/app/hookgen/event/event.ts
src/frontend/app/hookgen/competition/competition.ts
src/frontend/app/hookgen/model/divisionItem.ts
src/frontend/app/hookgen/model/singleTarget.ts
src/frontend/app/hookgen/model/competitionId.ts
src/frontend/app/hookgen/model/date.ts
src/frontend/app/hookgen/model/dancer.ts
src/frontend/app/hookgen/model/coupleTarget.ts
src/frontend/app/hookgen/model/kind.ts
src/frontend/app/hookgen/model/target.ts
src/frontend/app/hookgen/model/error.ts
src/frontend/app/hookgen/model/roleItem.ts
src/frontend/app/hookgen/model/kindItem.ts
src/frontend/app/hookgen/model/coupleTargetTargetType.ts
src/frontend/app/hookgen/model/categoryItem.ts
src/frontend/app/hookgen/model/divisionsItem.ts
src/frontend/app/hookgen/model/divisions.ts
src/frontend/app/hookgen/model/division.ts
src/frontend/app/hookgen/model/index.ts
src/frontend/app/hookgen/model/event.ts
src/frontend/app/hookgen/model/singleTargetTargetType.ts
src/frontend/app/hookgen/model/dancerId.ts
src/frontend/app/hookgen/model/competition.ts
src/frontend/app/hookgen/model/eventIdList.ts
src/frontend/app/hookgen/model/category.ts
src/frontend/app/hookgen/model/dancerIdList.ts
src/frontend/app/hookgen/model/eventId.ts
src/frontend/app/hookgen/model/role.ts
src/frontend/app/hookgen/model/bibList.ts
src/frontend/app/hookgen/model/competitionIdList.ts
src/frontend/app/hookgen/model/bib.ts
src/frontend/app/hookgen/dancer/dancer.ts
